// !$*UTF8*$!
{
	archiveVersion = 1;
	classes = {
	};
	objectVersion = 46;
	objects = {

/* Begin PBXBuildFile section */
		034AD90B1D1D2E1100D42C62 /* SettingImages in Resources */ = {isa = PBXBuildFile; fileRef = 034AD90A1D1D2E1100D42C62 /* SettingImages */; };
		034AD90D1D1D2E5D00D42C62 /* Property List.plist in Resources */ = {isa = PBXBuildFile; fileRef = 034AD90C1D1D2E5D00D42C62 /* Property List.plist */; };
		034AD90F1D1D5E6400D42C62 /* CustomTableViewCell.swift in Sources */ = {isa = PBXBuildFile; fileRef = 034AD90E1D1D5E6400D42C62 /* CustomTableViewCell.swift */; };
		03F8BA551D1D2B36001364B2 /* AppDelegate.swift in Sources */ = {isa = PBXBuildFile; fileRef = 03F8BA541D1D2B36001364B2 /* AppDelegate.swift */; };
		03F8BA571D1D2B36001364B2 /* ViewController.swift in Sources */ = {isa = PBXBuildFile; fileRef = 03F8BA561D1D2B36001364B2 /* ViewController.swift */; };
		03F8BA5A1D1D2B36001364B2 /* Main.storyboard in Resources */ = {isa = PBXBuildFile; fileRef = 03F8BA581D1D2B36001364B2 /* Main.storyboard */; };
		03F8BA5C1D1D2B36001364B2 /* Assets.xcassets in Resources */ = {isa = PBXBuildFile; fileRef = 03F8BA5B1D1D2B36001364B2 /* Assets.xcassets */; };
		03F8BA5F1D1D2B36001364B2 /* LaunchScreen.storyboard in Resources */ = {isa = PBXBuildFile; fileRef = 03F8BA5D1D1D2B36001364B2 /* LaunchScreen.storyboard */; };
/* End PBXBuildFile section */

/* Begin PBXFileReference section */
		034AD90A1D1D2E1100D42C62 /* SettingImages */ = {isa = PBXFileReference; lastKnownFileType = folder; path = SettingImages; sourceTree = "<group>"; };
		034AD90C1D1D2E5D00D42C62 /* Property List.plist */ = {isa = PBXFileReference; fileEncoding = 4; lastKnownFileType = text.plist.xml; path = "Property List.plist"; sourceTree = "<group>"; };
		034AD90E1D1D5E6400D42C62 /* CustomTableViewCell.swift */ = {isa = PBXFileReference; fileEncoding = 4; lastKnownFileType = sourcecode.swift; path = CustomTableViewCell.swift; sourceTree = "<group>"; };
		03F8BA511D1D2B36001364B2 /* tableViewPractice.app */ = {isa = PBXFileReference; explicitFileType = wrapper.application; includeInIndex = 0; path = tableViewPractice.app; sourceTree = BUILT_PRODUCTS_DIR; };
		03F8BA541D1D2B36001364B2 /* AppDelegate.swift */ = {isa = PBXFileReference; lastKnownFileType = sourcecode.swift; path = AppDelegate.swift; sourceTree = "<group>"; };
		03F8BA561D1D2B36001364B2 /* ViewController.swift */ = {isa = PBXFileReference; lastKnownFileType = sourcecode.swift; path = ViewController.swift; sourceTree = "<group>"; };
		03F8BA591D1D2B36001364B2 /* Base */ = {isa = PBXFileReference; lastKnownFileType = file.storyboard; name = Base; path = Base.lproj/Main.storyboard; sourceTree = "<group>"; };
		03F8BA5B1D1D2B36001364B2 /* Assets.xcassets */ = {isa = PBXFileReference; lastKnownFileType = folder.assetcatalog; path = Assets.xcassets; sourceTree = "<group>"; };
		03F8BA5E1D1D2B36001364B2 /* Base */ = {isa = PBXFileReference; lastKnownFileType = file.storyboard; name = Base; path = Base.lproj/LaunchScreen.storyboard; sourceTree = "<group>"; };
		03F8BA601D1D2B36001364B2 /* Info.plist */ = {isa = PBXFileReference; lastKnownFileType = text.plist.xml; path = Info.plist; sourceTree = "<group>"; };
/* End PBXFileReference section */

/* Begin PBXFrameworksBuildPhase section */
		03F8BA4E1D1D2B36001364B2 /* Frameworks */ = {
			isa = PBXFrameworksBuildPhase;
			buildActionMask = 2147483647;
			files = (
			);
			runOnlyForDeploymentPostprocessing = 0;
		};
/* End PBXFrameworksBuildPhase section */

/* Begin PBXGroup section */
		03F8BA481D1D2B36001364B2 = {
			isa = PBXGroup;
			children = (
				03F8BA531D1D2B36001364B2 /* tableViewPractice */,
				03F8BA521D1D2B36001364B2 /* Products */,
			);
			sourceTree = "<group>";
		};
		03F8BA521D1D2B36001364B2 /* Products */ = {
			isa = PBXGroup;
			children = (
				03F8BA511D1D2B36001364B2 /* tableViewPractice.app */,
			);
			name = Products;
			sourceTree = "<group>";
		};
		03F8BA531D1D2B36001364B2 /* tableViewPractice */ = {
			isa = PBXGroup;
			children = (
				03F8BA541D1D2B36001364B2 /* AppDelegate.swift */,
				03F8BA561D1D2B36001364B2 /* ViewController.swift */,
				034AD90E1D1D5E6400D42C62 /* CustomTableViewCell.swift */,
				03F8BA5B1D1D2B36001364B2 /* Assets.xcassets */,
				03F8BA5D1D1D2B36001364B2 /* LaunchScreen.storyboard */,
				03F8BA601D1D2B36001364B2 /* Info.plist */,
				034AD90C1D1D2E5D00D42C62 /* Property List.plist */,
				03F8BA581D1D2B36001364B2 /* Main.storyboard */,
				034AD90A1D1D2E1100D42C62 /* SettingImages */,
			);
			path = tableViewPractice;
			sourceTree = "<group>";
		};
/* End PBXGroup section */

/* Begin PBXNativeTarget section */
		03F8BA501D1D2B36001364B2 /* tableViewPractice */ = {
			isa = PBXNativeTarget;
			buildConfigurationList = 03F8BA631D1D2B36001364B2 /* Build configuration list for PBXNativeTarget "tableViewPractice" */;
			buildPhases = (
				03F8BA4D1D1D2B36001364B2 /* Sources */,
				03F8BA4E1D1D2B36001364B2 /* Frameworks */,
				03F8BA4F1D1D2B36001364B2 /* Resources */,
			);
			buildRules = (
			);
			dependencies = (
			);
			name = tableViewPractice;
			productName = tableViewPractice;
			productReference = 03F8BA511D1D2B36001364B2 /* tableViewPractice.app */;
			productType = "com.apple.product-type.application";
		};
/* End PBXNativeTarget section */

/* Begin PBXProject section */
		03F8BA491D1D2B36001364B2 /* Project object */ = {
			isa = PBXProject;
			attributes = {
				LastSwiftUpdateCheck = 0730;
				LastUpgradeCheck = 0730;
				ORGANIZATIONNAME = xionghuanxin;
				TargetAttributes = {
					03F8BA501D1D2B36001364B2 = {
						CreatedOnToolsVersion = 7.3.1;
						DevelopmentTeam = PBRT9CT95H;
					};
				};
			};
			buildConfigurationList = 03F8BA4C1D1D2B36001364B2 /* Build configuration list for PBXProject "tableViewPractice" */;
			compatibilityVersion = "Xcode 3.2";
			developmentRegion = English;
			hasScannedForEncodings = 0;
			knownRegions = (
				en,
				Base,
			);
			mainGroup = 03F8BA481D1D2B36001364B2;
			productRefGroup = 03F8BA521D1D2B36001364B2 /* Products */;
			projectDirPath = "";
			projectRoot = "";
			targets = (
				03F8BA501D1D2B36001364B2 /* tableViewPractice */,
			);
		};
/* End PBXProject section */

/* Begin PBXResourcesBuildPhase section */
		03F8BA4F1D1D2B36001364B2 /* Resources */ = {
			isa = PBXResourcesBuildPhase;
			buildActionMask = 2147483647;
			files = (
				03F8BA5F1D1D2B36001364B2 /* LaunchScreen.storyboard in Resources */,
				034AD90B1D1D2E1100D42C62 /* SettingImages in Resources */,
				03F8BA5C1D1D2B36001364B2 /* Assets.xcassets in Resources */,
				034AD90D1D1D2E5D00D42C62 /* Property List.plist in Resources */,
				03F8BA5A1D1D2B36001364B2 /* Main.storyboard in Resources */,
			);
			runOnlyForDeploymentPostprocessing = 0;
		};
/* End PBXResourcesBuildPhase section */

/* Begin PBXSourcesBuildPhase section */
		03F8BA4D1D1D2B36001364B2 /* Sources */ = {
			isa = PBXSourcesBuildPhase;
			buildActionMask = 2147483647;
			files = (
				034AD90F1D1D5E6400D42C62 /* CustomTableViewCell.swift in Sources */,
				03F8BA571D1D2B36001364B2 /* ViewController.swift in Sources */,
				03F8BA551D1D2B36001364B2 /* AppDelegate.swift in Sources */,
			);
			runOnlyForDeploymentPostprocessing = 0;
		};
/* End PBXSourcesBuildPhase section */

/* Begin PBXVariantGroup section */
		03F8BA581D1D2B36001364B2 /* Main.storyboard */ = {
			isa = PBXVariantGroup;
			children = (
				03F8BA591D1D2B36001364B2 /* Base */,
			);
			name = Main.storyboard;
			sourceTree = "<group>";
		};
		03F8BA5D1D1D2B36001364B2 /* LaunchScreen.storyboard */ = {
			isa = PBXVariantGroup;
			children = (
				03F8BA5E1D1D2B36001364B2 /* Base */,
			);
			name = LaunchScreen.storyboard;
			sourceTree = "<group>";
		};
/* End PBXVariantGroup section */

/* Begin XCBuildConfiguration section */
		03F8BA611D1D2B36001364B2 /* Debug */ = {
			isa = XCBuildConfiguration;
			buildSettings = {
				ALWAYS_SEARCH_USER_PATHS = NO;
				CLANG_ANALYZER_NONNULL = YES;
				CLANG_CXX_LANGUAGE_STANDARD = "gnu++0x";
				CLANG_CXX_LIBRARY = "libc++";
				CLANG_ENABLE_MODULES = YES;
				CLANG_ENABLE_OBJC_ARC = YES;
				CLANG_WARN_BOOL_CONVERSION = YES;
				CLANG_WARN_CONSTANT_CONVERSION = YES;
				CLANG_WARN_DIRECT_OBJC_ISA_USAGE = YES_ERROR;
				CLANG_WARN_EMPTY_BODY = YES;
				CLANG_WARN_ENUM_CONVERSION = YES;
				CLANG_WARN_INT_CONVERSION = YES;
				CLANG_WARN_OBJC_ROOT_CLASS = YES_ERROR;
				CLANG_WARN_UNREACHABLE_CODE = YES;
				CLANG_WARN__DUPLICATE_METHOD_MATCH = YES;
				"CODE_SIGN_IDENTITY[sdk=iphoneos*]" = "iPhone Developer";
				COPY_PHASE_STRIP = NO;
				DEBUG_INFORMATION_FORMAT = dwarf;
				ENABLE_STRICT_OBJC_MSGSEND = YES;
				ENABLE_TESTABILITY = YES;
				GCC_C_LANGUAGE_STANDARD = gnu99;
				GCC_DYNAMIC_NO_PIC = NO;
				GCC_NO_COMMON_BLOCKS = YES;
				GCC_OPTIMIZATION_LEVEL = 0;
				GCC_PREPROCESSOR_DEFINITIONS = (
					"DEBUG=1",
					"$(inherited)",
				);
				GCC_WARN_64_TO_32_BIT_CONVERSION = YES;
				GCC_WARN_ABOUT_RETURN_TYPE = YES_ERROR;
				GCC_WARN_UNDECLARED_SELECTOR = YES;
				GCC_WARN_UNINITIALIZED_AUTOS = YES_AGGRESSIVE;
				GCC_WARN_UNUSED_FUNCTION = YES;
				GCC_WARN_UNUSED_VARIABLE = YES;
				IPHONEOS_DEPLOYMENT_TARGET = 9.3;
				MTL_ENABLE_DEBUG_INFO = YES;
				ONLY_ACTIVE_ARCH = YES;
				SDKROOT = iphoneos;
				SWIFT_OPTIMIZATION_LEVEL = "-Onone";
				TARGETED_DEVICE_FAMILY = "1,2";
			};
			name = Debug;
		};
		03F8BA621D1D2B36001364B2 /* Release */ = {
			isa = XCBuildConfiguration;
			buildSettings = {
				ALWAYS_SEARCH_USER_PATHS = NO;
				CLANG_ANALYZER_NONNULL = YES;
				CLANG_CXX_LANGUAGE_STANDARD = "gnu++0x";
				CLANG_CXX_LIBRARY = "libc++";
				CLANG_ENABLE_MODULES = YES;
				CLANG_ENABLE_OBJC_ARC = YES;
				CLANG_WARN_BOOL_CONVERSION = YES;
				CLANG_WARN_CONSTANT_CONVERSION = YES;
				CLANG_WARN_DIRECT_OBJC_ISA_USAGE = YES_ERROR;
				CLANG_WARN_EMPTY_BODY = YES;
				CLANG_WARN_ENUM_CONVERSION = YES;
				CLANG_WARN_INT_CONVERSION = YES;
				CLANG_WARN_OBJC_ROOT_CLASS = YES_ERROR;
				CLANG_WARN_UNREACHABLE_CODE = YES;
				CLANG_WARN__DUPLICATE_METHOD_MATCH = YES;
				"CODE_SIGN_IDENTITY[sdk=iphoneos*]" = "iPhone Developer";
				COPY_PHASE_STRIP = NO;
				DEBUG_INFORMATION_FORMAT = "dwarf-with-dsym";
				ENABLE_NS_ASSERTIONS = NO;
				ENABLE_STRICT_OBJC_MSGSEND = YES;
				GCC_C_LANGUAGE_STANDARD = gnu99;
				GCC_NO_COMMON_BLOCKS = YES;
				GCC_WARN_64_TO_32_BIT_CONVERSION = YES;
				GCC_WARN_ABOUT_RETURN_TYPE = YES_ERROR;
				GCC_WARN_UNDECLARED_SELECTOR = YES;
				GCC_WARN_UNINITIALIZED_AUTOS = YES_AGGRESSIVE;
				GCC_WARN_UNUSED_FUNCTION = YES;
				GCC_WARN_UNUSED_VARIABLE = YES;
				IPHONEOS_DEPLOYMENT_TARGET = 9.3;
				MTL_ENABLE_DEBUG_INFO = NO;
				SDKROOT = iphoneos;
				TARGETED_DEVICE_FAMILY = "1,2";
				VALIDATE_PRODUCT = YES;
			};
			name = Release;
		};
		03F8BA641D1D2B36001364B2 /* Debug */ = {
			isa = XCBuildConfiguration;
			buildSettings = {
				ASSETCATALOG_COMPILER_APPICON_NAME = AppIcon;
				INFOPLIST_FILE = tableViewPractice/Info.plist;
				LD_RUNPATH_SEARCH_PATHS = "$(inherited) @executable_path/Frameworks";
				PRODUCT_BUNDLE_IDENTIFIER = xhx.tableViewPractice;
				PRODUCT_NAME = "$(TARGET_NAME)";
			};
			name = Debug;
		};
		03F8BA651D1D2B36001364B2 /* Release */ = {
			isa = XCBuildConfiguration;
			buildSettings = {
				ASSETCATALOG_COMPILER_APPICON_NAME = AppIcon;
				INFOPLIST_FILE = tableViewPractice/Info.plist;
				LD_RUNPATH_SEARCH_PATHS = "$(inherited) @executable_path/Frameworks";
				PRODUCT_BUNDLE_IDENTIFIER = xhx.tableViewPractice;
				PRODUCT_NAME = "$(TARGET_NAME)";
			};
			name = Release;
		};
/* End XCBuildConfiguration section */

/* Begin XCConfigurationList section */
		03F8BA4C1D1D2B36001364B2 /* Build configuration list for PBXProject "tableViewPractice" */ = {
			isa = XCConfigurationList;
			buildConfigurations = (
				03F8BA611D1D2B36001364B2 /* Debug */,
				03F8BA621D1D2B36001364B2 /* Release */,
			);
			defaultConfigurationIsVisible = 0;
			defaultConfigurationName = Release;
		};
		03F8BA631D1D2B36001364B2 /* Build configuration list for PBXNativeTarget "tableViewPractice" */ = {
			isa = XCConfigurationList;
			buildConfigurations = (
				03F8BA641D1D2B36001364B2 /* Debug */,
				03F8BA651D1D2B36001364B2 /* Release */,
			);
			defaultConfigurationIsVisible = 0;
			defaultConfigurationName = Release;
		};
/* End XCConfigurationList section */
	};
	rootObject = 03F8BA491D1D2B36001364B2 /* Project object */;
}
